
Microsoft Visual Studio Solution File, Format Version 11.00
# Visual Studio Version 18

Project("{8BC9CEB8-8B4A-11D0-8D11-00A0C91BC942}") = "Xenon - Standalone Plugin", "Xenon_StandalonePlugin.vcxproj", "{380E51DC-1B25-985C-EC3A-A1533AA9725A}"
	ProjectSection(ProjectDependencies) = postProject
		{F0E71B79-6D62-D2AD-F2F9-1B32ABFA05D8} = {F0E71B79-6D62-D2AD-F2F9-1B32ABFA05D8}
	EndProjectSection
EndProject
Project("{8BC9CEB8-8B4A-11D0-8D11-00A0C91BC942}") = "Xenon - VST3", "Xenon_VST3.vcxproj", "{7206942A-0B80-BA6D-3771-D1A26134C97B}"
	ProjectSection(ProjectDependencies) = postProject
		{F0E71B79-6D62-D2AD-F2F9-1B32ABFA05D8} = {F0E71B79-6D62-D2AD-F2F9-1B32ABFA05D8}
		{2054FE9C-4E72-C1D3-BD73-053BDFE2EB21} = {2054FE9C-4E72-C1D3-BD73-053BDFE2EB21}
	EndProjectSection
EndProject
Project("{8BC9CEB8-8B4A-11D0-8D11-00A0C91BC942}") = "Xenon - Shared Code", "Xenon_SharedCode.vcxproj", "{F0E71B79-6D62-D2AD-F2F9-1B32ABFA05D8}"
EndProject
Project("{8BC9CEB8-8B4A-11D0-8D11-00A0C91BC942}") = "Xenon - VST3 Manifest Helper", "Xenon_VST3ManifestHelper.vcxproj", "{2054FE9C-4E72-C1D3-BD73-053BDFE2EB21}"
EndProject
Global
	GlobalSection(SolutionConfigurationPlatforms) = preSolution
		Debug|x64 = Debug|x64
		Release|x64 = Release|x64
	EndGlobalSection
	GlobalSection(ProjectConfigurationPlatforms) = postSolution
		{7206942A-0B80-BA6D-3771-D1A26134C97B}.Debug|x64.ActiveCfg = Debug|x64
		{7206942A-0B80-BA6D-3771-D1A26134C97B}.Debug|x64.Build.0 = Debug|x64
		{7206942A-0B80-BA6D-3771-D1A26134C97B}.Release|x64.ActiveCfg = Release|x64
		{7206942A-0B80-BA6D-3771-D1A26134C97B}.Release|x64.Build.0 = Release|x64
		{380E51DC-1B25-985C-EC3A-A1533AA9725A}.Debug|x64.ActiveCfg = Debug|x64
		{380E51DC-1B25-985C-EC3A-A1533AA9725A}.Debug|x64.Build.0 = Debug|x64
		{380E51DC-1B25-985C-EC3A-A1533AA9725A}.Release|x64.ActiveCfg = Release|x64
		{380E51DC-1B25-985C-EC3A-A1533AA9725A}.Release|x64.Build.0 = Release|x64
		{F0E71B79-6D62-D2AD-F2F9-1B32ABFA05D8}.Debug|x64.ActiveCfg = Debug|x64
		{F0E71B79-6D62-D2AD-F2F9-1B32ABFA05D8}.Debug|x64.Build.0 = Debug|x64
		{F0E71B79-6D62-D2AD-F2F9-1B32ABFA05D8}.Release|x64.ActiveCfg = Release|x64
		{F0E71B79-6D62-D2AD-F2F9-1B32ABFA05D8}.Release|x64.Build.0 = Release|x64
		{2054FE9C-4E72-C1D3-BD73-053BDFE2EB21}.Debug|x64.ActiveCfg = Debug|x64
		{2054FE9C-4E72-C1D3-BD73-053BDFE2EB21}.Debug|x64.Build.0 = Debug|x64
		{2054FE9C-4E72-C1D3-BD73-053BDFE2EB21}.Release|x64.ActiveCfg = Release|x64
		{2054FE9C-4E72-C1D3-BD73-053BDFE2EB21}.Release|x64.Build.0 = Release|x64
	EndGlobalSection
	GlobalSection(SolutionProperties) = preSolution
		HideSolutionNode = FALSE
	EndGlobalSection
EndGlobal
